
Microsoft Visual Studio Solution File, Format Version 12.00
# Visual Studio Version 17
VisualStudioVersion = 17.14.36212.18 d17.14
MinimumVisualStudioVersion = 10.0.40219.1
Project("{FAE04EC0-301F-11D3-BF4B-00C04F79EFBC}") = "WSLAttachSwitch", "WSLAttachSwitch.csproj", "{AEF6A3C8-9E3B-5EED-4C6E-3688FE9618A3}"
EndProject
Global
	GlobalSection(SolutionConfigurationPlatforms) = preSolution
		Debug|Any CPU = Debug|Any CPU
		Release|Any CPU = Release|Any CPU
	EndGlobalSection
	GlobalSection(ProjectConfigurationPlatforms) = postSolution
		{AEF6A3C8-9E3B-5EED-4C6E-3688FE9618A3}.Debug|Any CPU.ActiveCfg = Debug|Any CPU
		{AEF6A3C8-9E3B-5EED-4C6E-3688FE9618A3}.Debug|Any CPU.Build.0 = Debug|Any CPU
		{AEF6A3C8-9E3B-5EED-4C6E-3688FE9618A3}.Release|Any CPU.ActiveCfg = Release|Any CPU
		{AEF6A3C8-9E3B-5EED-4C6E-3688FE9618A3}.Release|Any CPU.Build.0 = Release|Any CPU
	EndGlobalSection
	GlobalSection(SolutionProperties) = preSolution
		HideSolutionNode = FALSE
	EndGlobalSection
	GlobalSection(ExtensibilityGlobals) = postSolution
		SolutionGuid = {BD134E39-2C0C-47E4-A043-F022E3B17729}
	EndGlobalSection
EndGlobal
